// !$*UTF8*$!
{
	archiveVersion = 1;
	classes = {
	};
	objectVersion = 51;
	objects = {

/* Begin PBXBuildFile section */
		BB0FE6C40E5DB33E84E50B5D /* Pods_raspVega.framework in Frameworks */ = {isa = PBXBuildFile; fileRef = C49B4F735D23A7651F65253C /* Pods_raspVega.framework */; };
		DF0E86132570883C00229E74 /* SearchViewController.swift in Sources */ = {isa = PBXBuildFile; fileRef = DF0E86122570883C00229E74 /* SearchViewController.swift */; };
		DF0E86162570889400229E74 /* NotificationsViewController.swift in Sources */ = {isa = PBXBuildFile; fileRef = DF0E86152570889400229E74 /* NotificationsViewController.swift */; };
		DF33A4A0256D19C80008DD66 /* GroupTableViewCell.swift in Sources */ = {isa = PBXBuildFile; fileRef = DF33A49F256D19C80008DD66 /* GroupTableViewCell.swift */; };
		DF55FA5425729494000D0CC5 /* GroupChangeTableViewCell.swift in Sources */ = {isa = PBXBuildFile; fileRef = DF55FA5325729494000D0CC5 /* GroupChangeTableViewCell.swift */; };
		DF855966256C3F82004CBB8B /* AppDelegate.swift in Sources */ = {isa = PBXBuildFile; fileRef = DF855965256C3F82004CBB8B /* AppDelegate.swift */; };
		DF855968256C3F82004CBB8B /* SceneDelegate.swift in Sources */ = {isa = PBXBuildFile; fileRef = DF855967256C3F82004CBB8B /* SceneDelegate.swift */; };
		DF85596F256C3F85004CBB8B /* Assets.xcassets in Resources */ = {isa = PBXBuildFile; fileRef = DF85596E256C3F85004CBB8B /* Assets.xcassets */; };
		DF855972256C3F85004CBB8B /* LaunchScreen.storyboard in Resources */ = {isa = PBXBuildFile; fileRef = DF855970256C3F85004CBB8B /* LaunchScreen.storyboard */; };
		DF855982256C493F004CBB8B /* MainTabBarController.swift in Sources */ = {isa = PBXBuildFile; fileRef = DF855981256C493F004CBB8B /* MainTabBarController.swift */; };
		DF855985256C4BD8004CBB8B /* GreetingViewController.swift in Sources */ = {isa = PBXBuildFile; fileRef = DF855984256C4BD8004CBB8B /* GreetingViewController.swift */; };
		DF855988256C4C2A004CBB8B /* ScheduleViewController.swift in Sources */ = {isa = PBXBuildFile; fileRef = DF855987256C4C2A004CBB8B /* ScheduleViewController.swift */; };
		DF85598E256C4C4A004CBB8B /* SettingsViewController.swift in Sources */ = {isa = PBXBuildFile; fileRef = DF85598D256C4C4A004CBB8B /* SettingsViewController.swift */; };
		DF90F527256C65B100062F88 /* ScheduleTableViewCell.swift in Sources */ = {isa = PBXBuildFile; fileRef = DF90F526256C65B100062F88 /* ScheduleTableViewCell.swift */; };
		DF90F52C256CDE1800062F88 /* data.json in Resources */ = {isa = PBXBuildFile; fileRef = DF90F52B256CDE1800062F88 /* data.json */; };
		DF90F535256CDF1D00062F88 /* ScheduleData.swift in Sources */ = {isa = PBXBuildFile; fileRef = DF90F534256CDF1D00062F88 /* ScheduleData.swift */; };
		DFDEC985257D490100D429F9 /* FullScheduleViewController.swift in Sources */ = {isa = PBXBuildFile; fileRef = DFDEC984257D490100D429F9 /* FullScheduleViewController.swift */; };
/* End PBXBuildFile section */

/* Begin PBXFileReference section */
		C49B4F735D23A7651F65253C /* Pods_raspVega.framework */ = {isa = PBXFileReference; explicitFileType = wrapper.framework; includeInIndex = 0; path = Pods_raspVega.framework; sourceTree = BUILT_PRODUCTS_DIR; };
		CD81C7916120DCA4954A8F13 /* Pods-raspVega.debug.xcconfig */ = {isa = PBXFileReference; includeInIndex = 1; lastKnownFileType = text.xcconfig; name = "Pods-raspVega.debug.xcconfig"; path = "Target Support Files/Pods-raspVega/Pods-raspVega.debug.xcconfig"; sourceTree = "<group>"; };
		DF0E86122570883C00229E74 /* SearchViewController.swift */ = {isa = PBXFileReference; lastKnownFileType = sourcecode.swift; path = SearchViewController.swift; sourceTree = "<group>"; };
		DF0E86152570889400229E74 /* NotificationsViewController.swift */ = {isa = PBXFileReference; lastKnownFileType = sourcecode.swift; path = NotificationsViewController.swift; sourceTree = "<group>"; };
		DF33A49F256D19C80008DD66 /* GroupTableViewCell.swift */ = {isa = PBXFileReference; lastKnownFileType = sourcecode.swift; name = GroupTableViewCell.swift; path = raspVega/Views/GroupTableViewCell.swift; sourceTree = SOURCE_ROOT; };
		DF55FA5325729494000D0CC5 /* GroupChangeTableViewCell.swift */ = {isa = PBXFileReference; lastKnownFileType = sourcecode.swift; name = GroupChangeTableViewCell.swift; path = /Users/pkvasnikov/Desktop/raspVega/raspVega/Views/GroupChangeTableViewCell.swift; sourceTree = "<absolute>"; };
		DF855962256C3F81004CBB8B /* raspVega.app */ = {isa = PBXFileReference; explicitFileType = wrapper.application; includeInIndex = 0; path = raspVega.app; sourceTree = BUILT_PRODUCTS_DIR; };
		DF855965256C3F82004CBB8B /* AppDelegate.swift */ = {isa = PBXFileReference; lastKnownFileType = sourcecode.swift; path = AppDelegate.swift; sourceTree = "<group>"; };
		DF855967256C3F82004CBB8B /* SceneDelegate.swift */ = {isa = PBXFileReference; lastKnownFileType = sourcecode.swift; path = SceneDelegate.swift; sourceTree = "<group>"; };
		DF85596E256C3F85004CBB8B /* Assets.xcassets */ = {isa = PBXFileReference; lastKnownFileType = folder.assetcatalog; path = Assets.xcassets; sourceTree = "<group>"; };
		DF855971256C3F85004CBB8B /* Base */ = {isa = PBXFileReference; lastKnownFileType = file.storyboard; name = Base; path = Base.lproj/LaunchScreen.storyboard; sourceTree = "<group>"; };
		DF855973256C3F85004CBB8B /* Info.plist */ = {isa = PBXFileReference; lastKnownFileType = text.plist.xml; path = Info.plist; sourceTree = "<group>"; };
		DF855981256C493F004CBB8B /* MainTabBarController.swift */ = {isa = PBXFileReference; lastKnownFileType = sourcecode.swift; path = MainTabBarController.swift; sourceTree = "<group>"; };
		DF855984256C4BD8004CBB8B /* GreetingViewController.swift */ = {isa = PBXFileReference; lastKnownFileType = sourcecode.swift; path = GreetingViewController.swift; sourceTree = "<group>"; };
		DF855987256C4C2A004CBB8B /* ScheduleViewController.swift */ = {isa = PBXFileReference; lastKnownFileType = sourcecode.swift; path = ScheduleViewController.swift; sourceTree = "<group>"; };
		DF85598D256C4C4A004CBB8B /* SettingsViewController.swift */ = {isa = PBXFileReference; lastKnownFileType = sourcecode.swift; path = SettingsViewController.swift; sourceTree = "<group>"; };
		DF90F526256C65B100062F88 /* ScheduleTableViewCell.swift */ = {isa = PBXFileReference; lastKnownFileType = sourcecode.swift; path = ScheduleTableViewCell.swift; sourceTree = "<group>"; };
		DF90F52B256CDE1800062F88 /* data.json */ = {isa = PBXFileReference; fileEncoding = 4; lastKnownFileType = text.json; path = data.json; sourceTree = "<group>"; };
		DF90F534256CDF1D00062F88 /* ScheduleData.swift */ = {isa = PBXFileReference; lastKnownFileType = sourcecode.swift; path = ScheduleData.swift; sourceTree = "<group>"; };
		DFDEC984257D490100D429F9 /* FullScheduleViewController.swift */ = {isa = PBXFileReference; lastKnownFileType = sourcecode.swift; path = FullScheduleViewController.swift; sourceTree = "<group>"; };
		F544F55497A762EF9AA3CFB6 /* Pods-raspVega.release.xcconfig */ = {isa = PBXFileReference; includeInIndex = 1; lastKnownFileType = text.xcconfig; name = "Pods-raspVega.release.xcconfig"; path = "Target Support Files/Pods-raspVega/Pods-raspVega.release.xcconfig"; sourceTree = "<group>"; };
/* End PBXFileReference section */

/* Begin PBXFrameworksBuildPhase section */
		DF85595F256C3F81004CBB8B /* Frameworks */ = {
			isa = PBXFrameworksBuildPhase;
			buildActionMask = 2147483647;
			files = (
				BB0FE6C40E5DB33E84E50B5D /* Pods_raspVega.framework in Frameworks */,
			);
			runOnlyForDeploymentPostprocessing = 0;
		};
/* End PBXFrameworksBuildPhase section */

/* Begin PBXGroup section */
		994D871CF27BE562D584613C /* Frameworks */ = {
			isa = PBXGroup;
			children = (
				C49B4F735D23A7651F65253C /* Pods_raspVega.framework */,
			);
			name = Frameworks;
			sourceTree = "<group>";
		};
		DF855959256C3F81004CBB8B = {
			isa = PBXGroup;
			children = (
				DF855964256C3F81004CBB8B /* raspVega */,
				DF855963256C3F81004CBB8B /* Products */,
				E72D38C5E7F710ABCD44B37E /* Pods */,
				994D871CF27BE562D584613C /* Frameworks */,
			);
			sourceTree = "<group>";
		};
		DF855963256C3F81004CBB8B /* Products */ = {
			isa = PBXGroup;
			children = (
				DF855962256C3F81004CBB8B /* raspVega.app */,
			);
			name = Products;
			sourceTree = "<group>";
		};
		DF855964256C3F81004CBB8B /* raspVega */ = {
			isa = PBXGroup;
			children = (
				DF90F538256D0C6500062F88 /* Models */,
				DF90F539256D0C8400062F88 /* Views */,
				DF90F53B256D0CD400062F88 /* Controllers */,
				DF90F53A256D0CB400062F88 /* Supporting Files */,
				DF855973256C3F85004CBB8B /* Info.plist */,
			);
			path = raspVega;
			sourceTree = "<group>";
		};
		DF90F538256D0C6500062F88 /* Models */ = {
			isa = PBXGroup;
			children = (
				DF90F52B256CDE1800062F88 /* data.json */,
				DF90F534256CDF1D00062F88 /* ScheduleData.swift */,
			);
			path = Models;
			sourceTree = "<group>";
		};
		DF90F539256D0C8400062F88 /* Views */ = {
			isa = PBXGroup;
			children = (
				DF55FA5325729494000D0CC5 /* GroupChangeTableViewCell.swift */,
				DF90F526256C65B100062F88 /* ScheduleTableViewCell.swift */,
				DF33A49F256D19C80008DD66 /* GroupTableViewCell.swift */,
			);
			path = Views;
			sourceTree = "<group>";
		};
		DF90F53A256D0CB400062F88 /* Supporting Files */ = {
			isa = PBXGroup;
			children = (
				DF855967256C3F82004CBB8B /* SceneDelegate.swift */,
				DF855965256C3F82004CBB8B /* AppDelegate.swift */,
				DF855970256C3F85004CBB8B /* LaunchScreen.storyboard */,
				DF85596E256C3F85004CBB8B /* Assets.xcassets */,
			);
			path = "Supporting Files";
			sourceTree = "<group>";
		};
		DF90F53B256D0CD400062F88 /* Controllers */ = {
			isa = PBXGroup;
			children = (
				DF855981256C493F004CBB8B /* MainTabBarController.swift */,
				DF855984256C4BD8004CBB8B /* GreetingViewController.swift */,
				DF855987256C4C2A004CBB8B /* ScheduleViewController.swift */,
				DF0E86122570883C00229E74 /* SearchViewController.swift */,
				DF0E86152570889400229E74 /* NotificationsViewController.swift */,
				DF85598D256C4C4A004CBB8B /* SettingsViewController.swift */,
				DFDEC984257D490100D429F9 /* FullScheduleViewController.swift */,
			);
			path = Controllers;
			sourceTree = "<group>";
		};
		E72D38C5E7F710ABCD44B37E /* Pods */ = {
			isa = PBXGroup;
			children = (
				CD81C7916120DCA4954A8F13 /* Pods-raspVega.debug.xcconfig */,
				F544F55497A762EF9AA3CFB6 /* Pods-raspVega.release.xcconfig */,
			);
			path = Pods;
			sourceTree = "<group>";
		};
/* End PBXGroup section */

/* Begin PBXNativeTarget section */
		DF855961256C3F81004CBB8B /* raspVega */ = {
			isa = PBXNativeTarget;
			buildConfigurationList = DF855976256C3F85004CBB8B /* Build configuration list for PBXNativeTarget "raspVega" */;
			buildPhases = (
				68EF8D8E23523B7CF4DA40D1 /* [CP] Check Pods Manifest.lock */,
				DF85595E256C3F81004CBB8B /* Sources */,
				DF85595F256C3F81004CBB8B /* Frameworks */,
				DF855960256C3F81004CBB8B /* Resources */,
				3B58E6BEC55C239D9DE656D2 /* [CP] Embed Pods Frameworks */,
			);
			buildRules = (
			);
			dependencies = (
			);
			name = raspVega;
			productName = raspVega;
			productReference = DF855962256C3F81004CBB8B /* raspVega.app */;
			productType = "com.apple.product-type.application";
		};
/* End PBXNativeTarget section */

/* Begin PBXProject section */
		DF85595A256C3F81004CBB8B /* Project object */ = {
			isa = PBXProject;
			attributes = {
				LastSwiftUpdateCheck = 1220;
				LastUpgradeCheck = 1220;
				TargetAttributes = {
					DF855961256C3F81004CBB8B = {
						CreatedOnToolsVersion = 12.2;
					};
				};
			};
			buildConfigurationList = DF85595D256C3F81004CBB8B /* Build configuration list for PBXProject "raspVega" */;
			compatibilityVersion = "Xcode 9.3";
			developmentRegion = en;
			hasScannedForEncodings = 0;
			knownRegions = (
				en,
				Base,
			);
			mainGroup = DF855959256C3F81004CBB8B;
			productRefGroup = DF855963256C3F81004CBB8B /* Products */;
			projectDirPath = "";
			projectRoot = "";
			targets = (
				DF855961256C3F81004CBB8B /* raspVega */,
			);
		};
/* End PBXProject section */

/* Begin PBXResourcesBuildPhase section */
		DF855960256C3F81004CBB8B /* Resources */ = {
			isa = PBXResourcesBuildPhase;
			buildActionMask = 2147483647;
			files = (
				DF855972256C3F85004CBB8B /* LaunchScreen.storyboard in Resources */,
				DF90F52C256CDE1800062F88 /* data.json in Resources */,
				DF85596F256C3F85004CBB8B /* Assets.xcassets in Resources */,
			);
			runOnlyForDeploymentPostprocessing = 0;
		};
/* End PBXResourcesBuildPhase section */

/* Begin PBXShellScriptBuildPhase section */
		3B58E6BEC55C239D9DE656D2 /* [CP] Embed Pods Frameworks */ = {
			isa = PBXShellScriptBuildPhase;
			buildActionMask = 2147483647;
			files = (
			);
			inputFileListPaths = (
				"${PODS_ROOT}/Target Support Files/Pods-raspVega/Pods-raspVega-frameworks-${CONFIGURATION}-input-files.xcfilelist",
			);
			name = "[CP] Embed Pods Frameworks";
			outputFileListPaths = (
				"${PODS_ROOT}/Target Support Files/Pods-raspVega/Pods-raspVega-frameworks-${CONFIGURATION}-output-files.xcfilelist",
			);
			runOnlyForDeploymentPostprocessing = 0;
			shellPath = /bin/sh;
			shellScript = "\"${PODS_ROOT}/Target Support Files/Pods-raspVega/Pods-raspVega-frameworks.sh\"\n";
			showEnvVarsInLog = 0;
		};
		68EF8D8E23523B7CF4DA40D1 /* [CP] Check Pods Manifest.lock */ = {
			isa = PBXShellScriptBuildPhase;
			buildActionMask = 2147483647;
			files = (
			);
			inputFileListPaths = (
			);
			inputPaths = (
				"${PODS_PODFILE_DIR_PATH}/Podfile.lock",
				"${PODS_ROOT}/Manifest.lock",
			);
			name = "[CP] Check Pods Manifest.lock";
			outputFileListPaths = (
			);
			outputPaths = (
				"$(DERIVED_FILE_DIR)/Pods-raspVega-checkManifestLockResult.txt",
			);
			runOnlyForDeploymentPostprocessing = 0;
			shellPath = /bin/sh;
			shellScript = "diff \"${PODS_PODFILE_DIR_PATH}/Podfile.lock\" \"${PODS_ROOT}/Manifest.lock\" > /dev/null\nif [ $? != 0 ] ; then\n    # print error to STDERR\n    echo \"error: The sandbox is not in sync with the Podfile.lock. Run 'pod install' or update your CocoaPods installation.\" >&2\n    exit 1\nfi\n# This output is used by Xcode 'outputs' to avoid re-running this script phase.\necho \"SUCCESS\" > \"${SCRIPT_OUTPUT_FILE_0}\"\n";
			showEnvVarsInLog = 0;
		};
/* End PBXShellScriptBuildPhase section */

/* Begin PBXSourcesBuildPhase section */
		DF85595E256C3F81004CBB8B /* Sources */ = {
			isa = PBXSourcesBuildPhase;
			buildActionMask = 2147483647;
			files = (
				DFDEC985257D490100D429F9 /* FullScheduleViewController.swift in Sources */,
				DF33A4A0256D19C80008DD66 /* GroupTableViewCell.swift in Sources */,
				DF0E86132570883C00229E74 /* SearchViewController.swift in Sources */,
				DF855988256C4C2A004CBB8B /* ScheduleViewController.swift in Sources */,
				DF0E86162570889400229E74 /* NotificationsViewController.swift in Sources */,
				DF85598E256C4C4A004CBB8B /* SettingsViewController.swift in Sources */,
				DF855966256C3F82004CBB8B /* AppDelegate.swift in Sources */,
				DF855968256C3F82004CBB8B /* SceneDelegate.swift in Sources */,
				DF855982256C493F004CBB8B /* MainTabBarController.swift in Sources */,
				DF90F527256C65B100062F88 /* ScheduleTableViewCell.swift in Sources */,
				DF90F535256CDF1D00062F88 /* ScheduleData.swift in Sources */,
				DF855985256C4BD8004CBB8B /* GreetingViewController.swift in Sources */,
				DF55FA5425729494000D0CC5 /* GroupChangeTableViewCell.swift in Sources */,
			);
			runOnlyForDeploymentPostprocessing = 0;
		};
/* End PBXSourcesBuildPhase section */

/* Begin PBXVariantGroup section */
		DF855970256C3F85004CBB8B /* LaunchScreen.storyboard */ = {
			isa = PBXVariantGroup;
			children = (
				DF855971256C3F85004CBB8B /* Base */,
			);
			name = LaunchScreen.storyboard;
			sourceTree = "<group>";
		};
/* End PBXVariantGroup section */

/* Begin XCBuildConfiguration section */
		DF855974256C3F85004CBB8B /* Debug */ = {
			isa = XCBuildConfiguration;
			buildSettings = {
				ALWAYS_SEARCH_USER_PATHS = NO;
				CLANG_ANALYZER_NONNULL = YES;
				CLANG_ANALYZER_NUMBER_OBJECT_CONVERSION = YES_AGGRESSIVE;
				CLANG_CXX_LANGUAGE_STANDARD = "gnu++14";
				CLANG_CXX_LIBRARY = "libc++";
				CLANG_ENABLE_MODULES = YES;
				CLANG_ENABLE_OBJC_ARC = YES;
				CLANG_ENABLE_OBJC_WEAK = YES;
				CLANG_WARN_BLOCK_CAPTURE_AUTORELEASING = YES;
				CLANG_WARN_BOOL_CONVERSION = YES;
				CLANG_WARN_COMMA = YES;
				CLANG_WARN_CONSTANT_CONVERSION = YES;
				CLANG_WARN_DEPRECATED_OBJC_IMPLEMENTATIONS = YES;
				CLANG_WARN_DIRECT_OBJC_ISA_USAGE = YES_ERROR;
				CLANG_WARN_DOCUMENTATION_COMMENTS = YES;
				CLANG_WARN_EMPTY_BODY = YES;
				CLANG_WARN_ENUM_CONVERSION = YES;
				CLANG_WARN_INFINITE_RECURSION = YES;
				CLANG_WARN_INT_CONVERSION = YES;
				CLANG_WARN_NON_LITERAL_NULL_CONVERSION = YES;
				CLANG_WARN_OBJC_IMPLICIT_RETAIN_SELF = YES;
				CLANG_WARN_OBJC_LITERAL_CONVERSION = YES;
				CLANG_WARN_OBJC_ROOT_CLASS = YES_ERROR;
				CLANG_WARN_QUOTED_INCLUDE_IN_FRAMEWORK_HEADER = YES;
				CLANG_WARN_RANGE_LOOP_ANALYSIS = YES;
				CLANG_WARN_STRICT_PROTOTYPES = YES;
				CLANG_WARN_SUSPICIOUS_MOVE = YES;
				CLANG_WARN_UNGUARDED_AVAILABILITY = YES_AGGRESSIVE;
				CLANG_WARN_UNREACHABLE_CODE = YES;
				CLANG_WARN__DUPLICATE_METHOD_MATCH = YES;
				COPY_PHASE_STRIP = NO;
				DEBUG_INFORMATION_FORMAT = dwarf;
				ENABLE_STRICT_OBJC_MSGSEND = YES;
				ENABLE_TESTABILITY = YES;
				GCC_C_LANGUAGE_STANDARD = gnu11;
				GCC_DYNAMIC_NO_PIC = NO;
				GCC_NO_COMMON_BLOCKS = YES;
				GCC_OPTIMIZATION_LEVEL = 0;
				GCC_PREPROCESSOR_DEFINITIONS = (
					"DEBUG=1",
					"$(inherited)",
				);
				GCC_WARN_64_TO_32_BIT_CONVERSION = YES;
				GCC_WARN_ABOUT_RETURN_TYPE = YES_ERROR;
				GCC_WARN_UNDECLARED_SELECTOR = YES;
				GCC_WARN_UNINITIALIZED_AUTOS = YES_AGGRESSIVE;
				GCC_WARN_UNUSED_FUNCTION = YES;
				GCC_WARN_UNUSED_VARIABLE = YES;
				IPHONEOS_DEPLOYMENT_TARGET = 14.2;
				MTL_ENABLE_DEBUG_INFO = INCLUDE_SOURCE;
				MTL_FAST_MATH = YES;
				ONLY_ACTIVE_ARCH = YES;
				SDKROOT = iphoneos;
				SWIFT_ACTIVE_COMPILATION_CONDITIONS = DEBUG;
				SWIFT_OPTIMIZATION_LEVEL = "-Onone";
			};
			name = Debug;
		};
		DF855975256C3F85004CBB8B /* Release */ = {
			isa = XCBuildConfiguration;
			buildSettings = {
				ALWAYS_SEARCH_USER_PATHS = NO;
				CLANG_ANALYZER_NONNULL = YES;
				CLANG_ANALYZER_NUMBER_OBJECT_CONVERSION = YES_AGGRESSIVE;
				CLANG_CXX_LANGUAGE_STANDARD = "gnu++14";
				CLANG_CXX_LIBRARY = "libc++";
				CLANG_ENABLE_MODULES = YES;
				CLANG_ENABLE_OBJC_ARC = YES;
				CLANG_ENABLE_OBJC_WEAK = YES;
				CLANG_WARN_BLOCK_CAPTURE_AUTORELEASING = YES;
				CLANG_WARN_BOOL_CONVERSION = YES;
				CLANG_WARN_COMMA = YES;
				CLANG_WARN_CONSTANT_CONVERSION = YES;
				CLANG_WARN_DEPRECATED_OBJC_IMPLEMENTATIONS = YES;
				CLANG_WARN_DIRECT_OBJC_ISA_USAGE = YES_ERROR;
				CLANG_WARN_DOCUMENTATION_COMMENTS = YES;
				CLANG_WARN_EMPTY_BODY = YES;
				CLANG_WARN_ENUM_CONVERSION = YES;
				CLANG_WARN_INFINITE_RECURSION = YES;
				CLANG_WARN_INT_CONVERSION = YES;
				CLANG_WARN_NON_LITERAL_NULL_CONVERSION = YES;
				CLANG_WARN_OBJC_IMPLICIT_RETAIN_SELF = YES;
				CLANG_WARN_OBJC_LITERAL_CONVERSION = YES;
				CLANG_WARN_OBJC_ROOT_CLASS = YES_ERROR;
				CLANG_WARN_QUOTED_INCLUDE_IN_FRAMEWORK_HEADER = YES;
				CLANG_WARN_RANGE_LOOP_ANALYSIS = YES;
				CLANG_WARN_STRICT_PROTOTYPES = YES;
				CLANG_WARN_SUSPICIOUS_MOVE = YES;
				CLANG_WARN_UNGUARDED_AVAILABILITY = YES_AGGRESSIVE;
				CLANG_WARN_UNREACHABLE_CODE = YES;
				CLANG_WARN__DUPLICATE_METHOD_MATCH = YES;
				COPY_PHASE_STRIP = NO;
				DEBUG_INFORMATION_FORMAT = "dwarf-with-dsym";
				ENABLE_NS_ASSERTIONS = NO;
				ENABLE_STRICT_OBJC_MSGSEND = YES;
				GCC_C_LANGUAGE_STANDARD = gnu11;
				GCC_NO_COMMON_BLOCKS = YES;
				GCC_WARN_64_TO_32_BIT_CONVERSION = YES;
				GCC_WARN_ABOUT_RETURN_TYPE = YES_ERROR;
				GCC_WARN_UNDECLARED_SELECTOR = YES;
				GCC_WARN_UNINITIALIZED_AUTOS = YES_AGGRESSIVE;
				GCC_WARN_UNUSED_FUNCTION = YES;
				GCC_WARN_UNUSED_VARIABLE = YES;
				IPHONEOS_DEPLOYMENT_TARGET = 14.2;
				MTL_ENABLE_DEBUG_INFO = NO;
				MTL_FAST_MATH = YES;
				SDKROOT = iphoneos;
				SWIFT_COMPILATION_MODE = wholemodule;
				SWIFT_OPTIMIZATION_LEVEL = "-O";
				VALIDATE_PRODUCT = YES;
			};
			name = Release;
		};
		DF855977256C3F85004CBB8B /* Debug */ = {
			isa = XCBuildConfiguration;
			baseConfigurationReference = CD81C7916120DCA4954A8F13 /* Pods-raspVega.debug.xcconfig */;
			buildSettings = {
				ASSETCATALOG_COMPILER_APPICON_NAME = AppIcon;
				ASSETCATALOG_COMPILER_GLOBAL_ACCENT_COLOR_NAME = AccentColor;
				CODE_SIGN_STYLE = Automatic;
				DEVELOPMENT_TEAM = AF2C2SK7B4;
				INFOPLIST_FILE = raspVega/Info.plist;
				LD_RUNPATH_SEARCH_PATHS = (
					"$(inherited)",
					"@executable_path/Frameworks",
				);
				PRODUCT_BUNDLE_IDENTIFIER = com.kvasnikoff.raspVega;
				PRODUCT_NAME = "$(TARGET_NAME)";
				SWIFT_VERSION = 5.0;
				TARGETED_DEVICE_FAMILY = "1,2";
			};
			name = Debug;
		};
		DF855978256C3F85004CBB8B /* Release */ = {
			isa = XCBuildConfiguration;
			baseConfigurationReference = F544F55497A762EF9AA3CFB6 /* Pods-raspVega.release.xcconfig */;
			buildSettings = {
				ASSETCATALOG_COMPILER_APPICON_NAME = AppIcon;
				ASSETCATALOG_COMPILER_GLOBAL_ACCENT_COLOR_NAME = AccentColor;
				CODE_SIGN_STYLE = Automatic;
				DEVELOPMENT_TEAM = AF2C2SK7B4;
				INFOPLIST_FILE = raspVega/Info.plist;
				LD_RUNPATH_SEARCH_PATHS = (
					"$(inherited)",
					"@executable_path/Frameworks",
				);
				PRODUCT_BUNDLE_IDENTIFIER = com.kvasnikoff.raspVega;
				PRODUCT_NAME = "$(TARGET_NAME)";
				SWIFT_VERSION = 5.0;
				TARGETED_DEVICE_FAMILY = "1,2";
			};
			name = Release;
		};
/* End XCBuildConfiguration section */

/* Begin XCConfigurationList section */
		DF85595D256C3F81004CBB8B /* Build configuration list for PBXProject "raspVega" */ = {
			isa = XCConfigurationList;
			buildConfigurations = (
				DF855974256C3F85004CBB8B /* Debug */,
				DF855975256C3F85004CBB8B /* Release */,
			);
			defaultConfigurationIsVisible = 0;
			defaultConfigurationName = Release;
		};
		DF855976256C3F85004CBB8B /* Build configuration list for PBXNativeTarget "raspVega" */ = {
			isa = XCConfigurationList;
			buildConfigurations = (
				DF855977256C3F85004CBB8B /* Debug */,
				DF855978256C3F85004CBB8B /* Release */,
			);
			defaultConfigurationIsVisible = 0;
			defaultConfigurationName = Release;
		};
/* End XCConfigurationList section */
	};
	rootObject = DF85595A256C3F81004CBB8B /* Project object */;
}
